// !$*UTF8*$!
{
	archiveVersion = 1;
	classes = {
	};
	objectVersion = 56;
	objects = {

/* Begin PBXBuildFile section */
		19BD4CEBB2B36C3B6B92191C /* Pods_Noodle_Doodle.framework in Frameworks */ = {isa = PBXBuildFile; fileRef = DF2043058E228EC59F903309 /* Pods_Noodle_Doodle.framework */; };
		2258F9AB2B5C6255002FCE5E /* NoodleDoodleApp.swift in Sources */ = {isa = PBXBuildFile; fileRef = 2258F9AA2B5C6255002FCE5E /* NoodleDoodleApp.swift */; };
		2258F9AD2B5C6255002FCE5E /* BaseView.swift in Sources */ = {isa = PBXBuildFile; fileRef = 2258F9AC2B5C6255002FCE5E /* BaseView.swift */; };
		2258F9AF2B5C6256002FCE5E /* Assets.xcassets in Resources */ = {isa = PBXBuildFile; fileRef = 2258F9AE2B5C6256002FCE5E /* Assets.xcassets */; };
		2258F9B22B5C6256002FCE5E /* Preview Assets.xcassets in Resources */ = {isa = PBXBuildFile; fileRef = 2258F9B12B5C6256002FCE5E /* Preview Assets.xcassets */; };
		2258F9BA2B5C63B7002FCE5E /* LoadingView.swift in Sources */ = {isa = PBXBuildFile; fileRef = 2258F9B92B5C63B7002FCE5E /* LoadingView.swift */; };
		2258F9BC2B5C64DB002FCE5E /* MainView.swift in Sources */ = {isa = PBXBuildFile; fileRef = 2258F9BB2B5C64DB002FCE5E /* MainView.swift */; };
		2258F9C02B5C65BE002FCE5E /* ContentViewModel.swift in Sources */ = {isa = PBXBuildFile; fileRef = 2258F9BF2B5C65BE002FCE5E /* ContentViewModel.swift */; };
		2258F9C22B5C65F4002FCE5E /* BaseModel.swift in Sources */ = {isa = PBXBuildFile; fileRef = 2258F9C12B5C65F4002FCE5E /* BaseModel.swift */; };
		2258F9C52B5C66DA002FCE5E /* ButtonTitle.swift in Sources */ = {isa = PBXBuildFile; fileRef = 2258F9C42B5C66DA002FCE5E /* ButtonTitle.swift */; };
		2258F9C72B5C6A04002FCE5E /* StartView.swift in Sources */ = {isa = PBXBuildFile; fileRef = 2258F9C62B5C6A04002FCE5E /* StartView.swift */; };
		22A627722B5C981900C8CDB7 /* SpiceLevelButton.swift in Sources */ = {isa = PBXBuildFile; fileRef = 22A627712B5C981900C8CDB7 /* SpiceLevelButton.swift */; };
		22A627742B5C983400C8CDB7 /* NoodleTextureSlider.swift in Sources */ = {isa = PBXBuildFile; fileRef = 22A627732B5C983400C8CDB7 /* NoodleTextureSlider.swift */; };
		22A627762B5CA45400C8CDB7 /* ToppingButton.swift in Sources */ = {isa = PBXBuildFile; fileRef = 22A627752B5CA45400C8CDB7 /* ToppingButton.swift */; };
		22A6277A2B5CB0DB00C8CDB7 /* ConfirmationView.swift in Sources */ = {isa = PBXBuildFile; fileRef = 22A627792B5CB0DB00C8CDB7 /* ConfirmationView.swift */; };
		22A6277D2B5CE4B600C8CDB7 /* CookStatusView.swift in Sources */ = {isa = PBXBuildFile; fileRef = 22A6277C2B5CE4B600C8CDB7 /* CookStatusView.swift */; };
		22C51A612B5D5AC8009D4ED5 /* ContentView.swift in Sources */ = {isa = PBXBuildFile; fileRef = 22C51A602B5D5AC8009D4ED5 /* ContentView.swift */; };
		22C51A632B5D5B05009D4ED5 /* Post.swift in Sources */ = {isa = PBXBuildFile; fileRef = 22C51A622B5D5B05009D4ED5 /* Post.swift */; };
		22E36B362B5CFA5700790B92 /* LibraMoon-LightItalic.otf in Resources */ = {isa = PBXBuildFile; fileRef = 22E36B322B5CFA5700790B92 /* LibraMoon-LightItalic.otf */; };
		22E36B372B5CFA5700790B92 /* LibraMoon-Regular.otf in Resources */ = {isa = PBXBuildFile; fileRef = 22E36B332B5CFA5700790B92 /* LibraMoon-Regular.otf */; };
		22E36B382B5CFA5700790B92 /* LibraMoon-Light.otf in Resources */ = {isa = PBXBuildFile; fileRef = 22E36B342B5CFA5700790B92 /* LibraMoon-Light.otf */; };
		22E36B392B5CFA5700790B92 /* LibraMoon-Italic.otf in Resources */ = {isa = PBXBuildFile; fileRef = 22E36B352B5CFA5700790B92 /* LibraMoon-Italic.otf */; };
/* End PBXBuildFile section */

/* Begin PBXFileReference section */
		2258F9A72B5C6255002FCE5E /* Noodle Doodle.app */ = {isa = PBXFileReference; explicitFileType = wrapper.application; includeInIndex = 0; path = "Noodle Doodle.app"; sourceTree = BUILT_PRODUCTS_DIR; };
		2258F9AA2B5C6255002FCE5E /* NoodleDoodleApp.swift */ = {isa = PBXFileReference; lastKnownFileType = sourcecode.swift; path = NoodleDoodleApp.swift; sourceTree = "<group>"; };
		2258F9AC2B5C6255002FCE5E /* BaseView.swift */ = {isa = PBXFileReference; lastKnownFileType = sourcecode.swift; path = BaseView.swift; sourceTree = "<group>"; };
		2258F9AE2B5C6256002FCE5E /* Assets.xcassets */ = {isa = PBXFileReference; lastKnownFileType = folder.assetcatalog; path = Assets.xcassets; sourceTree = "<group>"; };
		2258F9B12B5C6256002FCE5E /* Preview Assets.xcassets */ = {isa = PBXFileReference; lastKnownFileType = folder.assetcatalog; path = "Preview Assets.xcassets"; sourceTree = "<group>"; };
		2258F9B92B5C63B7002FCE5E /* LoadingView.swift */ = {isa = PBXFileReference; lastKnownFileType = sourcecode.swift; path = LoadingView.swift; sourceTree = "<group>"; };
		2258F9BB2B5C64DB002FCE5E /* MainView.swift */ = {isa = PBXFileReference; lastKnownFileType = sourcecode.swift; path = MainView.swift; sourceTree = "<group>"; };
		2258F9BF2B5C65BE002FCE5E /* ContentViewModel.swift */ = {isa = PBXFileReference; lastKnownFileType = sourcecode.swift; path = ContentViewModel.swift; sourceTree = "<group>"; };
		2258F9C12B5C65F4002FCE5E /* BaseModel.swift */ = {isa = PBXFileReference; lastKnownFileType = sourcecode.swift; path = BaseModel.swift; sourceTree = "<group>"; };
		2258F9C42B5C66DA002FCE5E /* ButtonTitle.swift */ = {isa = PBXFileReference; lastKnownFileType = sourcecode.swift; path = ButtonTitle.swift; sourceTree = "<group>"; };
		2258F9C62B5C6A04002FCE5E /* StartView.swift */ = {isa = PBXFileReference; lastKnownFileType = sourcecode.swift; path = StartView.swift; sourceTree = "<group>"; };
		22A627712B5C981900C8CDB7 /* SpiceLevelButton.swift */ = {isa = PBXFileReference; lastKnownFileType = sourcecode.swift; path = SpiceLevelButton.swift; sourceTree = "<group>"; };
		22A627732B5C983400C8CDB7 /* NoodleTextureSlider.swift */ = {isa = PBXFileReference; lastKnownFileType = sourcecode.swift; path = NoodleTextureSlider.swift; sourceTree = "<group>"; };
		22A627752B5CA45400C8CDB7 /* ToppingButton.swift */ = {isa = PBXFileReference; lastKnownFileType = sourcecode.swift; path = ToppingButton.swift; sourceTree = "<group>"; };
		22A627792B5CB0DB00C8CDB7 /* ConfirmationView.swift */ = {isa = PBXFileReference; lastKnownFileType = sourcecode.swift; path = ConfirmationView.swift; sourceTree = "<group>"; };
		22A6277C2B5CE4B600C8CDB7 /* CookStatusView.swift */ = {isa = PBXFileReference; lastKnownFileType = sourcecode.swift; path = CookStatusView.swift; sourceTree = "<group>"; };
		22C51A602B5D5AC8009D4ED5 /* ContentView.swift */ = {isa = PBXFileReference; lastKnownFileType = sourcecode.swift; path = ContentView.swift; sourceTree = "<group>"; };
		22C51A622B5D5B05009D4ED5 /* Post.swift */ = {isa = PBXFileReference; lastKnownFileType = sourcecode.swift; path = Post.swift; sourceTree = "<group>"; };
		22E36B322B5CFA5700790B92 /* LibraMoon-LightItalic.otf */ = {isa = PBXFileReference; lastKnownFileType = file; path = "LibraMoon-LightItalic.otf"; sourceTree = "<group>"; };
		22E36B332B5CFA5700790B92 /* LibraMoon-Regular.otf */ = {isa = PBXFileReference; lastKnownFileType = file; path = "LibraMoon-Regular.otf"; sourceTree = "<group>"; };
		22E36B342B5CFA5700790B92 /* LibraMoon-Light.otf */ = {isa = PBXFileReference; lastKnownFileType = file; path = "LibraMoon-Light.otf"; sourceTree = "<group>"; };
		22E36B352B5CFA5700790B92 /* LibraMoon-Italic.otf */ = {isa = PBXFileReference; lastKnownFileType = file; path = "LibraMoon-Italic.otf"; sourceTree = "<group>"; };
		560D817BDE0B3146BB1B135B /* Pods-Noodle Doodle.debug.xcconfig */ = {isa = PBXFileReference; includeInIndex = 1; lastKnownFileType = text.xcconfig; name = "Pods-Noodle Doodle.debug.xcconfig"; path = "Target Support Files/Pods-Noodle Doodle/Pods-Noodle Doodle.debug.xcconfig"; sourceTree = "<group>"; };
		DF2043058E228EC59F903309 /* Pods_Noodle_Doodle.framework */ = {isa = PBXFileReference; explicitFileType = wrapper.framework; includeInIndex = 0; path = Pods_Noodle_Doodle.framework; sourceTree = BUILT_PRODUCTS_DIR; };
		ED49007CE84F5A323FA6F74A /* Pods-Noodle Doodle.release.xcconfig */ = {isa = PBXFileReference; includeInIndex = 1; lastKnownFileType = text.xcconfig; name = "Pods-Noodle Doodle.release.xcconfig"; path = "Target Support Files/Pods-Noodle Doodle/Pods-Noodle Doodle.release.xcconfig"; sourceTree = "<group>"; };
/* End PBXFileReference section */

/* Begin PBXFrameworksBuildPhase section */
		2258F9A42B5C6255002FCE5E /* Frameworks */ = {
			isa = PBXFrameworksBuildPhase;
			buildActionMask = 2147483647;
			files = (
				19BD4CEBB2B36C3B6B92191C /* Pods_Noodle_Doodle.framework in Frameworks */,
			);
			runOnlyForDeploymentPostprocessing = 0;
		};
/* End PBXFrameworksBuildPhase section */

/* Begin PBXGroup section */
		2258F99E2B5C6255002FCE5E = {
			isa = PBXGroup;
			children = (
				2258F9A92B5C6255002FCE5E /* Noodle Doodle */,
				2258F9A82B5C6255002FCE5E /* Products */,
				3E10B83DDE1DEF1D300C2DEC /* Pods */,
				C1BD4C550D9BCFF463F96766 /* Frameworks */,
			);
			sourceTree = "<group>";
		};
		2258F9A82B5C6255002FCE5E /* Products */ = {
			isa = PBXGroup;
			children = (
				2258F9A72B5C6255002FCE5E /* Noodle Doodle.app */,
			);
			name = Products;
			sourceTree = "<group>";
		};
		2258F9A92B5C6255002FCE5E /* Noodle Doodle */ = {
			isa = PBXGroup;
			children = (
				2258F9AA2B5C6255002FCE5E /* NoodleDoodleApp.swift */,
				2258F9AE2B5C6256002FCE5E /* Assets.xcassets */,
				2258F9F72B5C7CDE002FCE5E /* Fonts */,
				2258F9BD2B5C6534002FCE5E /* Models */,
				2258F9B02B5C6256002FCE5E /* Preview Content */,
				2258F9BE2B5C653B002FCE5E /* ViewModels */,
				2258F9B82B5C6380002FCE5E /* Views */,
			);
			path = "Noodle Doodle";
			sourceTree = "<group>";
		};
		2258F9B02B5C6256002FCE5E /* Preview Content */ = {
			isa = PBXGroup;
			children = (
				2258F9B12B5C6256002FCE5E /* Preview Assets.xcassets */,
			);
			path = "Preview Content";
			sourceTree = "<group>";
		};
		2258F9B82B5C6380002FCE5E /* Views */ = {
			isa = PBXGroup;
			children = (
				2258F9AC2B5C6255002FCE5E /* BaseView.swift */,
				2258F9C42B5C66DA002FCE5E /* ButtonTitle.swift */,
				22C51A602B5D5AC8009D4ED5 /* ContentView.swift */,
				2258F9B92B5C63B7002FCE5E /* LoadingView.swift */,
				22A627782B5CB0CE00C8CDB7 /* ConfirmationScreen */,
				22A6277B2B5CE4A900C8CDB7 /* CookStatusScreen */,
				22A627702B5C97FF00C8CDB7 /* MainScreen */,
				22A627772B5CB0B500C8CDB7 /* StartScreen */,
			);
			path = Views;
			sourceTree = "<group>";
		};
		2258F9BD2B5C6534002FCE5E /* Models */ = {
			isa = PBXGroup;
			children = (
				2258F9C12B5C65F4002FCE5E /* BaseModel.swift */,
				22C51A622B5D5B05009D4ED5 /* Post.swift */,
			);
			path = Models;
			sourceTree = "<group>";
		};
		2258F9BE2B5C653B002FCE5E /* ViewModels */ = {
			isa = PBXGroup;
			children = (
				2258F9BF2B5C65BE002FCE5E /* ContentViewModel.swift */,
			);
			path = ViewModels;
			sourceTree = "<group>";
		};
		2258F9F72B5C7CDE002FCE5E /* Fonts */ = {
			isa = PBXGroup;
			children = (
				22E36B352B5CFA5700790B92 /* LibraMoon-Italic.otf */,
				22E36B342B5CFA5700790B92 /* LibraMoon-Light.otf */,
				22E36B322B5CFA5700790B92 /* LibraMoon-LightItalic.otf */,
				22E36B332B5CFA5700790B92 /* LibraMoon-Regular.otf */,
			);
			path = Fonts;
			sourceTree = "<group>";
		};
		22A627702B5C97FF00C8CDB7 /* MainScreen */ = {
			isa = PBXGroup;
			children = (
				22E36B3A2B5D235C00790B92 /* Components */,
				2258F9BB2B5C64DB002FCE5E /* MainView.swift */,
				22A627732B5C983400C8CDB7 /* NoodleTextureSlider.swift */,
				22A627752B5CA45400C8CDB7 /* ToppingButton.swift */,
			);
			path = MainScreen;
			sourceTree = "<group>";
		};
		22A627772B5CB0B500C8CDB7 /* StartScreen */ = {
			isa = PBXGroup;
			children = (
				2258F9C62B5C6A04002FCE5E /* StartView.swift */,
			);
			path = StartScreen;
			sourceTree = "<group>";
		};
		22A627782B5CB0CE00C8CDB7 /* ConfirmationScreen */ = {
			isa = PBXGroup;
			children = (
				22A627792B5CB0DB00C8CDB7 /* ConfirmationView.swift */,
			);
			path = ConfirmationScreen;
			sourceTree = "<group>";
		};
		22A6277B2B5CE4A900C8CDB7 /* CookStatusScreen */ = {
			isa = PBXGroup;
			children = (
				22A6277C2B5CE4B600C8CDB7 /* CookStatusView.swift */,
			);
			path = CookStatusScreen;
			sourceTree = "<group>";
		};
		22E36B3A2B5D235C00790B92 /* Components */ = {
			isa = PBXGroup;
			children = (
				22A627712B5C981900C8CDB7 /* SpiceLevelButton.swift */,
			);
			path = Components;
			sourceTree = "<group>";
		};
		3E10B83DDE1DEF1D300C2DEC /* Pods */ = {
			isa = PBXGroup;
			children = (
				560D817BDE0B3146BB1B135B /* Pods-Noodle Doodle.debug.xcconfig */,
				ED49007CE84F5A323FA6F74A /* Pods-Noodle Doodle.release.xcconfig */,
			);
			path = Pods;
			sourceTree = "<group>";
		};
		C1BD4C550D9BCFF463F96766 /* Frameworks */ = {
			isa = PBXGroup;
			children = (
				DF2043058E228EC59F903309 /* Pods_Noodle_Doodle.framework */,
			);
			name = Frameworks;
			sourceTree = "<group>";
		};
/* End PBXGroup section */

/* Begin PBXNativeTarget section */
		2258F9A62B5C6255002FCE5E /* Noodle Doodle */ = {
			isa = PBXNativeTarget;
			buildConfigurationList = 2258F9B52B5C6256002FCE5E /* Build configuration list for PBXNativeTarget "Noodle Doodle" */;
			buildPhases = (
				36199C53E79AE130D0BD7970 /* [CP] Check Pods Manifest.lock */,
				2258F9A32B5C6255002FCE5E /* Sources */,
				2258F9A42B5C6255002FCE5E /* Frameworks */,
				2258F9A52B5C6255002FCE5E /* Resources */,
				3715B7ABA6817F2509128CA5 /* [CP] Embed Pods Frameworks */,
			);
			buildRules = (
			);
			dependencies = (
			);
			name = "Noodle Doodle";
			productName = "Noodle Doodle";
			productReference = 2258F9A72B5C6255002FCE5E /* Noodle Doodle.app */;
			productType = "com.apple.product-type.application";
		};
/* End PBXNativeTarget section */

/* Begin PBXProject section */
		2258F99F2B5C6255002FCE5E /* Project object */ = {
			isa = PBXProject;
			attributes = {
				BuildIndependentTargetsInParallel = 1;
				LastSwiftUpdateCheck = 1430;
				LastUpgradeCheck = 1430;
				TargetAttributes = {
					2258F9A62B5C6255002FCE5E = {
						CreatedOnToolsVersion = 14.3.1;
					};
				};
			};
			buildConfigurationList = 2258F9A22B5C6255002FCE5E /* Build configuration list for PBXProject "Noodle Doodle" */;
			compatibilityVersion = "Xcode 14.0";
			developmentRegion = en;
			hasScannedForEncodings = 0;
			knownRegions = (
				en,
				Base,
			);
			mainGroup = 2258F99E2B5C6255002FCE5E;
			productRefGroup = 2258F9A82B5C6255002FCE5E /* Products */;
			projectDirPath = "";
			projectRoot = "";
			targets = (
				2258F9A62B5C6255002FCE5E /* Noodle Doodle */,
			);
		};
/* End PBXProject section */

/* Begin PBXResourcesBuildPhase section */
		2258F9A52B5C6255002FCE5E /* Resources */ = {
			isa = PBXResourcesBuildPhase;
			buildActionMask = 2147483647;
			files = (
				22E36B372B5CFA5700790B92 /* LibraMoon-Regular.otf in Resources */,
				2258F9B22B5C6256002FCE5E /* Preview Assets.xcassets in Resources */,
				2258F9AF2B5C6256002FCE5E /* Assets.xcassets in Resources */,
				22E36B362B5CFA5700790B92 /* LibraMoon-LightItalic.otf in Resources */,
				22E36B382B5CFA5700790B92 /* LibraMoon-Light.otf in Resources */,
				22E36B392B5CFA5700790B92 /* LibraMoon-Italic.otf in Resources */,
			);
			runOnlyForDeploymentPostprocessing = 0;
		};
/* End PBXResourcesBuildPhase section */

/* Begin PBXShellScriptBuildPhase section */
		36199C53E79AE130D0BD7970 /* [CP] Check Pods Manifest.lock */ = {
			isa = PBXShellScriptBuildPhase;
			buildActionMask = 2147483647;
			files = (
			);
			inputFileListPaths = (
			);
			inputPaths = (
				"${PODS_PODFILE_DIR_PATH}/Podfile.lock",
				"${PODS_ROOT}/Manifest.lock",
			);
			name = "[CP] Check Pods Manifest.lock";
			outputFileListPaths = (
			);
			outputPaths = (
				"$(DERIVED_FILE_DIR)/Pods-Noodle Doodle-checkManifestLockResult.txt",
			);
			runOnlyForDeploymentPostprocessing = 0;
			shellPath = /bin/sh;
			shellScript = "diff \"${PODS_PODFILE_DIR_PATH}/Podfile.lock\" \"${PODS_ROOT}/Manifest.lock\" > /dev/null\nif [ $? != 0 ] ; then\n    # print error to STDERR\n    echo \"error: The sandbox is not in sync with the Podfile.lock. Run 'pod install' or update your CocoaPods installation.\" >&2\n    exit 1\nfi\n# This output is used by Xcode 'outputs' to avoid re-running this script phase.\necho \"SUCCESS\" > \"${SCRIPT_OUTPUT_FILE_0}\"\n";
			showEnvVarsInLog = 0;
		};
		3715B7ABA6817F2509128CA5 /* [CP] Embed Pods Frameworks */ = {
			isa = PBXShellScriptBuildPhase;
			buildActionMask = 2147483647;
			files = (
			);
			inputFileListPaths = (
				"${PODS_ROOT}/Target Support Files/Pods-Noodle Doodle/Pods-Noodle Doodle-frameworks-${CONFIGURATION}-input-files.xcfilelist",
			);
			name = "[CP] Embed Pods Frameworks";
			outputFileListPaths = (
				"${PODS_ROOT}/Target Support Files/Pods-Noodle Doodle/Pods-Noodle Doodle-frameworks-${CONFIGURATION}-output-files.xcfilelist",
			);
			runOnlyForDeploymentPostprocessing = 0;
			shellPath = /bin/sh;
			shellScript = "\"${PODS_ROOT}/Target Support Files/Pods-Noodle Doodle/Pods-Noodle Doodle-frameworks.sh\"\n";
			showEnvVarsInLog = 0;
		};
/* End PBXShellScriptBuildPhase section */

/* Begin PBXSourcesBuildPhase section */
		2258F9A32B5C6255002FCE5E /* Sources */ = {
			isa = PBXSourcesBuildPhase;
			buildActionMask = 2147483647;
			files = (
				2258F9C02B5C65BE002FCE5E /* ContentViewModel.swift in Sources */,
				22A6277A2B5CB0DB00C8CDB7 /* ConfirmationView.swift in Sources */,
				22C51A612B5D5AC8009D4ED5 /* ContentView.swift in Sources */,
				2258F9C52B5C66DA002FCE5E /* ButtonTitle.swift in Sources */,
				2258F9AD2B5C6255002FCE5E /* BaseView.swift in Sources */,
				22A627742B5C983400C8CDB7 /* NoodleTextureSlider.swift in Sources */,
				2258F9C72B5C6A04002FCE5E /* StartView.swift in Sources */,
				22A627762B5CA45400C8CDB7 /* ToppingButton.swift in Sources */,
				2258F9C22B5C65F4002FCE5E /* BaseModel.swift in Sources */,
				22C51A632B5D5B05009D4ED5 /* Post.swift in Sources */,
				2258F9BC2B5C64DB002FCE5E /* MainView.swift in Sources */,
				22A627722B5C981900C8CDB7 /* SpiceLevelButton.swift in Sources */,
				2258F9AB2B5C6255002FCE5E /* NoodleDoodleApp.swift in Sources */,
				22A6277D2B5CE4B600C8CDB7 /* CookStatusView.swift in Sources */,
				2258F9BA2B5C63B7002FCE5E /* LoadingView.swift in Sources */,
			);
			runOnlyForDeploymentPostprocessing = 0;
		};
/* End PBXSourcesBuildPhase section */

/* Begin XCBuildConfiguration section */
		2258F9B32B5C6256002FCE5E /* Debug */ = {
			isa = XCBuildConfiguration;
			buildSettings = {
				ALWAYS_SEARCH_USER_PATHS = NO;
				CLANG_ANALYZER_NONNULL = YES;
				CLANG_ANALYZER_NUMBER_OBJECT_CONVERSION = YES_AGGRESSIVE;
				CLANG_CXX_LANGUAGE_STANDARD = "gnu++20";
				CLANG_ENABLE_MODULES = YES;
				CLANG_ENABLE_OBJC_ARC = YES;
				CLANG_ENABLE_OBJC_WEAK = YES;
				CLANG_WARN_BLOCK_CAPTURE_AUTORELEASING = YES;
				CLANG_WARN_BOOL_CONVERSION = YES;
				CLANG_WARN_COMMA = YES;
				CLANG_WARN_CONSTANT_CONVERSION = YES;
				CLANG_WARN_DEPRECATED_OBJC_IMPLEMENTATIONS = YES;
				CLANG_WARN_DIRECT_OBJC_ISA_USAGE = YES_ERROR;
				CLANG_WARN_DOCUMENTATION_COMMENTS = YES;
				CLANG_WARN_EMPTY_BODY = YES;
				CLANG_WARN_ENUM_CONVERSION = YES;
				CLANG_WARN_INFINITE_RECURSION = YES;
				CLANG_WARN_INT_CONVERSION = YES;
				CLANG_WARN_NON_LITERAL_NULL_CONVERSION = YES;
				CLANG_WARN_OBJC_IMPLICIT_RETAIN_SELF = YES;
				CLANG_WARN_OBJC_LITERAL_CONVERSION = YES;
				CLANG_WARN_OBJC_ROOT_CLASS = YES_ERROR;
				CLANG_WARN_QUOTED_INCLUDE_IN_FRAMEWORK_HEADER = YES;
				CLANG_WARN_RANGE_LOOP_ANALYSIS = YES;
				CLANG_WARN_STRICT_PROTOTYPES = YES;
				CLANG_WARN_SUSPICIOUS_MOVE = YES;
				CLANG_WARN_UNGUARDED_AVAILABILITY = YES_AGGRESSIVE;
				CLANG_WARN_UNREACHABLE_CODE = YES;
				CLANG_WARN__DUPLICATE_METHOD_MATCH = YES;
				COPY_PHASE_STRIP = NO;
				DEBUG_INFORMATION_FORMAT = dwarf;
				ENABLE_STRICT_OBJC_MSGSEND = YES;
				ENABLE_TESTABILITY = YES;
				GCC_C_LANGUAGE_STANDARD = gnu11;
				GCC_DYNAMIC_NO_PIC = NO;
				GCC_NO_COMMON_BLOCKS = YES;
				GCC_OPTIMIZATION_LEVEL = 0;
				GCC_PREPROCESSOR_DEFINITIONS = (
					"DEBUG=1",
					"$(inherited)",
				);
				GCC_WARN_64_TO_32_BIT_CONVERSION = YES;
				GCC_WARN_ABOUT_RETURN_TYPE = YES_ERROR;
				GCC_WARN_UNDECLARED_SELECTOR = YES;
				GCC_WARN_UNINITIALIZED_AUTOS = YES_AGGRESSIVE;
				GCC_WARN_UNUSED_FUNCTION = YES;
				GCC_WARN_UNUSED_VARIABLE = YES;
				IPHONEOS_DEPLOYMENT_TARGET = 16.0;
				MTL_ENABLE_DEBUG_INFO = INCLUDE_SOURCE;
				MTL_FAST_MATH = YES;
				ONLY_ACTIVE_ARCH = YES;
				SDKROOT = iphoneos;
				SWIFT_ACTIVE_COMPILATION_CONDITIONS = DEBUG;
				SWIFT_OPTIMIZATION_LEVEL = "-Onone";
			};
			name = Debug;
		};
		2258F9B42B5C6256002FCE5E /* Release */ = {
			isa = XCBuildConfiguration;
			buildSettings = {
				ALWAYS_SEARCH_USER_PATHS = NO;
				CLANG_ANALYZER_NONNULL = YES;
				CLANG_ANALYZER_NUMBER_OBJECT_CONVERSION = YES_AGGRESSIVE;
				CLANG_CXX_LANGUAGE_STANDARD = "gnu++20";
				CLANG_ENABLE_MODULES = YES;
				CLANG_ENABLE_OBJC_ARC = YES;
				CLANG_ENABLE_OBJC_WEAK = YES;
				CLANG_WARN_BLOCK_CAPTURE_AUTORELEASING = YES;
				CLANG_WARN_BOOL_CONVERSION = YES;
				CLANG_WARN_COMMA = YES;
				CLANG_WARN_CONSTANT_CONVERSION = YES;
				CLANG_WARN_DEPRECATED_OBJC_IMPLEMENTATIONS = YES;
				CLANG_WARN_DIRECT_OBJC_ISA_USAGE = YES_ERROR;
				CLANG_WARN_DOCUMENTATION_COMMENTS = YES;
				CLANG_WARN_EMPTY_BODY = YES;
				CLANG_WARN_ENUM_CONVERSION = YES;
				CLANG_WARN_INFINITE_RECURSION = YES;
				CLANG_WARN_INT_CONVERSION = YES;
				CLANG_WARN_NON_LITERAL_NULL_CONVERSION = YES;
				CLANG_WARN_OBJC_IMPLICIT_RETAIN_SELF = YES;
				CLANG_WARN_OBJC_LITERAL_CONVERSION = YES;
				CLANG_WARN_OBJC_ROOT_CLASS = YES_ERROR;
				CLANG_WARN_QUOTED_INCLUDE_IN_FRAMEWORK_HEADER = YES;
				CLANG_WARN_RANGE_LOOP_ANALYSIS = YES;
				CLANG_WARN_STRICT_PROTOTYPES = YES;
				CLANG_WARN_SUSPICIOUS_MOVE = YES;
				CLANG_WARN_UNGUARDED_AVAILABILITY = YES_AGGRESSIVE;
				CLANG_WARN_UNREACHABLE_CODE = YES;
				CLANG_WARN__DUPLICATE_METHOD_MATCH = YES;
				COPY_PHASE_STRIP = NO;
				DEBUG_INFORMATION_FORMAT = "dwarf-with-dsym";
				ENABLE_NS_ASSERTIONS = NO;
				ENABLE_STRICT_OBJC_MSGSEND = YES;
				GCC_C_LANGUAGE_STANDARD = gnu11;
				GCC_NO_COMMON_BLOCKS = YES;
				GCC_WARN_64_TO_32_BIT_CONVERSION = YES;
				GCC_WARN_ABOUT_RETURN_TYPE = YES_ERROR;
				GCC_WARN_UNDECLARED_SELECTOR = YES;
				GCC_WARN_UNINITIALIZED_AUTOS = YES_AGGRESSIVE;
				GCC_WARN_UNUSED_FUNCTION = YES;
				GCC_WARN_UNUSED_VARIABLE = YES;
				IPHONEOS_DEPLOYMENT_TARGET = 16.0;
				MTL_ENABLE_DEBUG_INFO = NO;
				MTL_FAST_MATH = YES;
				SDKROOT = iphoneos;
				SWIFT_COMPILATION_MODE = wholemodule;
				SWIFT_OPTIMIZATION_LEVEL = "-O";
				VALIDATE_PRODUCT = YES;
			};
			name = Release;
		};
		2258F9B62B5C6256002FCE5E /* Debug */ = {
			isa = XCBuildConfiguration;
			baseConfigurationReference = 560D817BDE0B3146BB1B135B /* Pods-Noodle Doodle.debug.xcconfig */;
			buildSettings = {
				ASSETCATALOG_COMPILER_APPICON_NAME = AppIcon;
				ASSETCATALOG_COMPILER_GLOBAL_ACCENT_COLOR_NAME = AccentColor;
				CODE_SIGN_STYLE = Automatic;
				CURRENT_PROJECT_VERSION = 1;
				DEVELOPMENT_ASSET_PATHS = "\"Noodle Doodle/Preview Content\"";
				DEVELOPMENT_TEAM = SGR28C4682;
				ENABLE_PREVIEWS = YES;
				FRAMEWORK_SEARCH_PATHS = "$(inherited)";
				GENERATE_INFOPLIST_FILE = YES;
				INFOPLIST_FILE = "Noodle-Doodle-Info.plist";
				INFOPLIST_KEY_UIApplicationSceneManifest_Generation = YES;
				INFOPLIST_KEY_UIApplicationSupportsIndirectInputEvents = YES;
				INFOPLIST_KEY_UILaunchScreen_Generation = YES;
				INFOPLIST_KEY_UISupportedInterfaceOrientations_iPad = "UIInterfaceOrientationPortrait UIInterfaceOrientationPortraitUpsideDown UIInterfaceOrientationLandscapeLeft UIInterfaceOrientationLandscapeRight";
				INFOPLIST_KEY_UISupportedInterfaceOrientations_iPhone = "UIInterfaceOrientationPortrait UIInterfaceOrientationLandscapeLeft UIInterfaceOrientationLandscapeRight";
				IPHONEOS_DEPLOYMENT_TARGET = 16.0;
				LD_RUNPATH_SEARCH_PATHS = "$(inherited)";
				MARKETING_VERSION = 1.0;
				OTHER_LDFLAGS = "$(inherited)";
				PRODUCT_BUNDLE_IDENTIFIER = "com.jaiden.Noodle-Doodle";
				PRODUCT_NAME = "$(TARGET_NAME)";
				SWIFT_EMIT_LOC_STRINGS = YES;
				SWIFT_VERSION = 5.0;
				TARGETED_DEVICE_FAMILY = "1,2";
			};
			name = Debug;
		};
		2258F9B72B5C6256002FCE5E /* Release */ = {
			isa = XCBuildConfiguration;
			baseConfigurationReference = ED49007CE84F5A323FA6F74A /* Pods-Noodle Doodle.release.xcconfig */;
			buildSettings = {
				ASSETCATALOG_COMPILER_APPICON_NAME = AppIcon;
				ASSETCATALOG_COMPILER_GLOBAL_ACCENT_COLOR_NAME = AccentColor;
				CODE_SIGN_STYLE = Automatic;
				CURRENT_PROJECT_VERSION = 1;
				DEVELOPMENT_ASSET_PATHS = "\"Noodle Doodle/Preview Content\"";
				DEVELOPMENT_TEAM = SGR28C4682;
				ENABLE_PREVIEWS = YES;
				FRAMEWORK_SEARCH_PATHS = "$(inherited)";
				GENERATE_INFOPLIST_FILE = YES;
				INFOPLIST_FILE = "Noodle-Doodle-Info.plist";
				INFOPLIST_KEY_UIApplicationSceneManifest_Generation = YES;
				INFOPLIST_KEY_UIApplicationSupportsIndirectInputEvents = YES;
				INFOPLIST_KEY_UILaunchScreen_Generation = YES;
				INFOPLIST_KEY_UISupportedInterfaceOrientations_iPad = "UIInterfaceOrientationPortrait UIInterfaceOrientationPortraitUpsideDown UIInterfaceOrientationLandscapeLeft UIInterfaceOrientationLandscapeRight";
				INFOPLIST_KEY_UISupportedInterfaceOrientations_iPhone = "UIInterfaceOrientationPortrait UIInterfaceOrientationLandscapeLeft UIInterfaceOrientationLandscapeRight";
				IPHONEOS_DEPLOYMENT_TARGET = 16.0;
				LD_RUNPATH_SEARCH_PATHS = "$(inherited)";
				MARKETING_VERSION = 1.0;
				OTHER_LDFLAGS = "$(inherited)";
				PRODUCT_BUNDLE_IDENTIFIER = "com.jaiden.Noodle-Doodle";
				PRODUCT_NAME = "$(TARGET_NAME)";
				SWIFT_EMIT_LOC_STRINGS = YES;
				SWIFT_VERSION = 5.0;
				TARGETED_DEVICE_FAMILY = "1,2";
			};
			name = Release;
		};
/* End XCBuildConfiguration section */

/* Begin XCConfigurationList section */
		2258F9A22B5C6255002FCE5E /* Build configuration list for PBXProject "Noodle Doodle" */ = {
			isa = XCConfigurationList;
			buildConfigurations = (
				2258F9B32B5C6256002FCE5E /* Debug */,
				2258F9B42B5C6256002FCE5E /* Release */,
			);
			defaultConfigurationIsVisible = 0;
			defaultConfigurationName = Release;
		};
		2258F9B52B5C6256002FCE5E /* Build configuration list for PBXNativeTarget "Noodle Doodle" */ = {
			isa = XCConfigurationList;
			buildConfigurations = (
				2258F9B62B5C6256002FCE5E /* Debug */,
				2258F9B72B5C6256002FCE5E /* Release */,
			);
			defaultConfigurationIsVisible = 0;
			defaultConfigurationName = Release;
		};
/* End XCConfigurationList section */
	};
	rootObject = 2258F99F2B5C6255002FCE5E /* Project object */;
}
